
Microsoft Visual Studio Solution File, Format Version 12.00
# Visual Studio Version 16
VisualStudioVersion = 16.0.31025.194
MinimumVisualStudioVersion = 10.0.40219.1
Project("{FAE04EC0-301F-11D3-BF4B-00C04F79EFBC}") = "RoboScreenOn", "RoboScreenOn\RoboScreenOn.csproj", "{6AC9EA48-6C6B-4240-B127-C6AF25DF1D17}"
EndProject
Project("{FAE04EC0-301F-11D3-BF4B-00C04F79EFBC}") = "RoboScreenOn.BLL", "RoboScreenOn.BLL\RoboScreenOn.BLL.csproj", "{505B3F5B-EA34-4665-B603-A8DEFC6696A2}"
EndProject
Global
	GlobalSection(SolutionConfigurationPlatforms) = preSolution
		Debug|Any CPU = Debug|Any CPU
		Release|Any CPU = Release|Any CPU
	EndGlobalSection
	GlobalSection(ProjectConfigurationPlatforms) = postSolution
		{6AC9EA48-6C6B-4240-B127-C6AF25DF1D17}.Debug|Any CPU.ActiveCfg = Debug|Any CPU
		{6AC9EA48-6C6B-4240-B127-C6AF25DF1D17}.Debug|Any CPU.Build.0 = Debug|Any CPU
		{6AC9EA48-6C6B-4240-B127-C6AF25DF1D17}.Release|Any CPU.ActiveCfg = Release|Any CPU
		{6AC9EA48-6C6B-4240-B127-C6AF25DF1D17}.Release|Any CPU.Build.0 = Release|Any CPU
		{505B3F5B-EA34-4665-B603-A8DEFC6696A2}.Debug|Any CPU.ActiveCfg = Debug|Any CPU
		{505B3F5B-EA34-4665-B603-A8DEFC6696A2}.Debug|Any CPU.Build.0 = Debug|Any CPU
		{505B3F5B-EA34-4665-B603-A8DEFC6696A2}.Release|Any CPU.ActiveCfg = Release|Any CPU
		{505B3F5B-EA34-4665-B603-A8DEFC6696A2}.Release|Any CPU.Build.0 = Release|Any CPU
	EndGlobalSection
	GlobalSection(SolutionProperties) = preSolution
		HideSolutionNode = FALSE
	EndGlobalSection
	GlobalSection(ExtensibilityGlobals) = postSolution
		SolutionGuid = {E09FD42A-5698-4841-9A86-00D354B94E4C}
	EndGlobalSection
EndGlobal
